
Microsoft Visual Studio Solution File, Format Version 12.00
# Visual Studio 15
VisualStudioVersion = 15.0.26730.12
MinimumVisualStudioVersion = 10.0.40219.1
Project("{FAE04EC0-301F-11D3-BF4B-00C04F79EFBC}") = "FantasyFootball", "FantasyFootball\FantasyFootball.csproj", "{3E3FE4DE-88A1-48AD-8935-A6330311AF76}"
EndProject
Project("{FAE04EC0-301F-11D3-BF4B-00C04F79EFBC}") = "FantasyFootball.Common", "FantasyFootball.Common\FantasyFootball.Common.csproj", "{A6F60D49-20E5-420A-BAFB-A703DDFBE931}"
EndProject
Project("{FAE04EC0-301F-11D3-BF4B-00C04F79EFBC}") = "FantasyFootball.DAL", "FantasyFootball.DAL\FantasyFootball.DAL.csproj", "{35BD008D-2762-4446-8F61-58BF2D7CA5FC}"
EndProject
Project("{00D1A9C2-B5F0-4AF3-8072-F6C62B433612}") = "FantasyFootball.Database", "FantasyFootball.Database\FantasyFootball.Database.sqlproj", "{4D7CB4AA-0E59-4155-9172-88EFB5AB0AF1}"
EndProject
Project("{FAE04EC0-301F-11D3-BF4B-00C04F79EFBC}") = "FantasyFootball.Cbs", "FantasyFootball.Cbs\FantasyFootball.Cbs.csproj", "{B1320E20-1450-4615-818A-A807CA057B64}"
EndProject
Project("{FAE04EC0-301F-11D3-BF4B-00C04F79EFBC}") = "FantasyFootball.Interfaces", "FantasyFootball.Interfaces\FantasyFootball.Interfaces.csproj", "{954854A6-63A9-48CD-BFDA-E4E65B6016F1}"
EndProject
Project("{FAE04EC0-301F-11D3-BF4B-00C04F79EFBC}") = "FantasyFootball.Classes", "FantasyFootball.Classes\FantasyFootball.Classes.csproj", "{15B7C8D0-9D8E-4EDA-B7A0-C4C89BA8EC58}"
EndProject
Global
	GlobalSection(SolutionConfigurationPlatforms) = preSolution
		Debug|Any CPU = Debug|Any CPU
		Release|Any CPU = Release|Any CPU
	EndGlobalSection
	GlobalSection(ProjectConfigurationPlatforms) = postSolution
		{3E3FE4DE-88A1-48AD-8935-A6330311AF76}.Debug|Any CPU.ActiveCfg = Debug|Any CPU
		{3E3FE4DE-88A1-48AD-8935-A6330311AF76}.Debug|Any CPU.Build.0 = Debug|Any CPU
		{3E3FE4DE-88A1-48AD-8935-A6330311AF76}.Release|Any CPU.ActiveCfg = Release|Any CPU
		{3E3FE4DE-88A1-48AD-8935-A6330311AF76}.Release|Any CPU.Build.0 = Release|Any CPU
		{A6F60D49-20E5-420A-BAFB-A703DDFBE931}.Debug|Any CPU.ActiveCfg = Debug|Any CPU
		{A6F60D49-20E5-420A-BAFB-A703DDFBE931}.Debug|Any CPU.Build.0 = Debug|Any CPU
		{A6F60D49-20E5-420A-BAFB-A703DDFBE931}.Release|Any CPU.ActiveCfg = Release|Any CPU
		{A6F60D49-20E5-420A-BAFB-A703DDFBE931}.Release|Any CPU.Build.0 = Release|Any CPU
		{35BD008D-2762-4446-8F61-58BF2D7CA5FC}.Debug|Any CPU.ActiveCfg = Debug|Any CPU
		{35BD008D-2762-4446-8F61-58BF2D7CA5FC}.Debug|Any CPU.Build.0 = Debug|Any CPU
		{35BD008D-2762-4446-8F61-58BF2D7CA5FC}.Release|Any CPU.ActiveCfg = Release|Any CPU
		{35BD008D-2762-4446-8F61-58BF2D7CA5FC}.Release|Any CPU.Build.0 = Release|Any CPU
		{4D7CB4AA-0E59-4155-9172-88EFB5AB0AF1}.Debug|Any CPU.ActiveCfg = Debug|Any CPU
		{4D7CB4AA-0E59-4155-9172-88EFB5AB0AF1}.Debug|Any CPU.Build.0 = Debug|Any CPU
		{4D7CB4AA-0E59-4155-9172-88EFB5AB0AF1}.Debug|Any CPU.Deploy.0 = Debug|Any CPU
		{4D7CB4AA-0E59-4155-9172-88EFB5AB0AF1}.Release|Any CPU.ActiveCfg = Release|Any CPU
		{4D7CB4AA-0E59-4155-9172-88EFB5AB0AF1}.Release|Any CPU.Build.0 = Release|Any CPU
		{4D7CB4AA-0E59-4155-9172-88EFB5AB0AF1}.Release|Any CPU.Deploy.0 = Release|Any CPU
		{B1320E20-1450-4615-818A-A807CA057B64}.Debug|Any CPU.ActiveCfg = Debug|Any CPU
		{B1320E20-1450-4615-818A-A807CA057B64}.Debug|Any CPU.Build.0 = Debug|Any CPU
		{B1320E20-1450-4615-818A-A807CA057B64}.Release|Any CPU.ActiveCfg = Release|Any CPU
		{B1320E20-1450-4615-818A-A807CA057B64}.Release|Any CPU.Build.0 = Release|Any CPU
		{954854A6-63A9-48CD-BFDA-E4E65B6016F1}.Debug|Any CPU.ActiveCfg = Debug|Any CPU
		{954854A6-63A9-48CD-BFDA-E4E65B6016F1}.Debug|Any CPU.Build.0 = Debug|Any CPU
		{954854A6-63A9-48CD-BFDA-E4E65B6016F1}.Release|Any CPU.ActiveCfg = Release|Any CPU
		{954854A6-63A9-48CD-BFDA-E4E65B6016F1}.Release|Any CPU.Build.0 = Release|Any CPU
		{15B7C8D0-9D8E-4EDA-B7A0-C4C89BA8EC58}.Debug|Any CPU.ActiveCfg = Debug|Any CPU
		{15B7C8D0-9D8E-4EDA-B7A0-C4C89BA8EC58}.Debug|Any CPU.Build.0 = Debug|Any CPU
		{15B7C8D0-9D8E-4EDA-B7A0-C4C89BA8EC58}.Release|Any CPU.ActiveCfg = Release|Any CPU
		{15B7C8D0-9D8E-4EDA-B7A0-C4C89BA8EC58}.Release|Any CPU.Build.0 = Release|Any CPU
	EndGlobalSection
	GlobalSection(SolutionProperties) = preSolution
		HideSolutionNode = FALSE
	EndGlobalSection
	GlobalSection(ExtensibilityGlobals) = postSolution
		SolutionGuid = {704ACE1A-286C-44E2-8F8F-1D49FB5B3CB1}
	EndGlobalSection
EndGlobal
