
Microsoft Visual Studio Solution File, Format Version 12.00
# Visual Studio Express 14 for Web
VisualStudioVersion = 14.0.23107.0
MinimumVisualStudioVersion = 10.0.40219.1
Project("{FAE04EC0-301F-11D3-BF4B-00C04F79EFBC}") = "FantasyFootball", "FantasyFootball\FantasyFootball.csproj", "{3E3FE4DE-88A1-48AD-8935-A6330311AF76}"
EndProject
Project("{FAE04EC0-301F-11D3-BF4B-00C04F79EFBC}") = "FantasyFootball.Common", "FantasyFootball.Common\FantasyFootball.Common.csproj", "{A6F60D49-20E5-420A-BAFB-A703DDFBE931}"
EndProject
Project("{FAE04EC0-301F-11D3-BF4B-00C04F79EFBC}") = "FantasyFootball.DAL", "FantasyFootballMobile.DAL\FantasyFootball.DAL.csproj", "{79A92BE5-BE0E-4224-B728-305A9C691042}"
EndProject
Global
	GlobalSection(SolutionConfigurationPlatforms) = preSolution
		Debug|Any CPU = Debug|Any CPU
		Release|Any CPU = Release|Any CPU
	EndGlobalSection
	GlobalSection(ProjectConfigurationPlatforms) = postSolution
		{3E3FE4DE-88A1-48AD-8935-A6330311AF76}.Debug|Any CPU.ActiveCfg = Debug|Any CPU
		{3E3FE4DE-88A1-48AD-8935-A6330311AF76}.Debug|Any CPU.Build.0 = Debug|Any CPU
		{3E3FE4DE-88A1-48AD-8935-A6330311AF76}.Release|Any CPU.ActiveCfg = Release|Any CPU
		{3E3FE4DE-88A1-48AD-8935-A6330311AF76}.Release|Any CPU.Build.0 = Release|Any CPU
		{A6F60D49-20E5-420A-BAFB-A703DDFBE931}.Debug|Any CPU.ActiveCfg = Debug|Any CPU
		{A6F60D49-20E5-420A-BAFB-A703DDFBE931}.Debug|Any CPU.Build.0 = Debug|Any CPU
		{A6F60D49-20E5-420A-BAFB-A703DDFBE931}.Release|Any CPU.ActiveCfg = Release|Any CPU
		{A6F60D49-20E5-420A-BAFB-A703DDFBE931}.Release|Any CPU.Build.0 = Release|Any CPU
		{79A92BE5-BE0E-4224-B728-305A9C691042}.Debug|Any CPU.ActiveCfg = Debug|Any CPU
		{79A92BE5-BE0E-4224-B728-305A9C691042}.Debug|Any CPU.Build.0 = Debug|Any CPU
		{79A92BE5-BE0E-4224-B728-305A9C691042}.Release|Any CPU.ActiveCfg = Release|Any CPU
		{79A92BE5-BE0E-4224-B728-305A9C691042}.Release|Any CPU.Build.0 = Release|Any CPU
	EndGlobalSection
	GlobalSection(SolutionProperties) = preSolution
		HideSolutionNode = FALSE
	EndGlobalSection
EndGlobal
